<?xml version="1.0" encoding="utf-8"?>
<Project ToolsVersion="4.0" xmlns="http://schemas.microsoft.com/developer/msbuild/2003">
  <ItemGroup>
    <Filter Include="Protocol">
      <UniqueIdentifier>{fba91128-2cf4-459f-9d88-acb861fa394e}</UniqueIdentifier>
    </Filter>
    <Filter Include="Global">
      <UniqueIdentifier>{93995380-89BD-4b04-88EB-625FBE52EBFB}</UniqueIdentifier>
      <Extensions>h;hpp;hxx;hm;inl;inc;xsd</Extensions>
    </Filter>
    <Filter Include="User">
      <UniqueIdentifier>{02426651-a1db-440e-a3da-c591c554c4c6}</UniqueIdentifier>
    </Filter>
    <Filter Include="Main">
      <UniqueIdentifier>{ffafcedd-cad4-47e2-8008-608953b29161}</UniqueIdentifier>
    </Filter>
    <Filter Include="Resource">
      <UniqueIdentifier>{5ff75581-db0c-41cc-bbdf-17085b94d2c5}</UniqueIdentifier>
    </Filter>
  </ItemGroup>
  <ItemGroup>
    <ClCompile Include="Sources\DSProtocol.cpp">
      <Filter>Protocol</Filter>
    </ClCompile>
    <ClCompile Include="Sources\RSProtocol.cpp">
      <Filter>Protocol</Filter>
    </ClCompile>
    <ClCompile Include="Sources\GEntryPoint.cpp">
      <Filter>Global</Filter>
    </ClCompile>
    <ClCompile Include="Sources\TDbManager.cpp">
      <Filter>User</Filter>
    </ClCompile>
    <ClCompile Include="Sources\TDSManager.cpp">
      <Filter>User</Filter>
    </ClCompile>
    <ClCompile Include="Sources\TRSManager.cpp">
      <Filter>User</Filter>
    </ClCompile>
    <ClCompile Include="Sources\Main.cpp">
      <Filter>Main</Filter>
    </ClCompile>
  </ItemGroup>
  <ItemGroup>
    <ClInclude Include="Sources\DSProtocol.h">
      <Filter>Protocol</Filter>
    </ClInclude>
    <ClInclude Include="Sources\RSProtocol.h">
      <Filter>Protocol</Filter>
    </ClInclude>
    <ClInclude Include="Sources\GInclude.h">
      <Filter>Global</Filter>
    </ClInclude>
    <ClInclude Include="Sources\TDbManager.h">
      <Filter>User</Filter>
    </ClInclude>
    <ClInclude Include="Sources\TDSManager.h">
      <Filter>User</Filter>
    </ClInclude>
    <ClInclude Include="Sources\TRSManager.h">
      <Filter>User</Filter>
    </ClInclude>
    <ClInclude Include="Sources\Main.h">
      <Filter>Main</Filter>
    </ClInclude>
    <ClInclude Include="Sources\resource.h">
      <Filter>Resource</Filter>
    </ClInclude>
  </ItemGroup>
  <ItemGroup>
    <ResourceCompile Include="Sources\Resource.rc">
      <Filter>Resource</Filter>
    </ResourceCompile>
  </ItemGroup>
  <ItemGroup>
    <None Include="DSPrtocolFromGS.txt" />
  </ItemGroup>
</Project>