<?xml version="1.0" encoding="utf-8"?>
<Project ToolsVersion="4.0" xmlns="http://schemas.microsoft.com/developer/msbuild/2003">
  <ItemGroup>
    <Filter Include="Test">
      <UniqueIdentifier>{cee777ad-80cb-409e-9629-24fee1e6874e}</UniqueIdentifier>
    </Filter>
    <Filter Include="Test\SCRIPT">
      <UniqueIdentifier>{a4027330-6295-4343-89d0-c6a9fd914adb}</UniqueIdentifier>
    </Filter>
    <Filter Include="include">
      <UniqueIdentifier>{96018041-38d1-443d-9d60-09cae13507c7}</UniqueIdentifier>
      <Extensions>h;hpp;hxx;hm;inl</Extensions>
    </Filter>
    <Filter Include="src">
      <UniqueIdentifier>{ad7c7efb-71eb-4ff0-b055-56fe94fd6d16}</UniqueIdentifier>
      <Extensions>cpp;c;cxx;rc;def;r;odl;idl;hpj;bat</Extensions>
    </Filter>
    <Filter Include="Resrc">
      <UniqueIdentifier>{09f8959b-9da5-46ed-afdc-ddaed365af87}</UniqueIdentifier>
      <Extensions>ico;cur;bmp;dlg;rc2;rct;bin;rgs;gif;jpg;jpeg;jpe</Extensions>
    </Filter>
  </ItemGroup>
  <ItemGroup>
    <ClCompile Include="Test\CharacterInfo.cpp">
      <Filter>Test</Filter>
    </ClCompile>
    <ClCompile Include="Test\Network.cpp">
      <Filter>Test</Filter>
    </ClCompile>
    <ClCompile Include="Test\Scripting.cpp">
      <Filter>Test\SCRIPT</Filter>
    </ClCompile>
    <ClCompile Include="src\AcceptIp.cpp">
      <Filter>src</Filter>
    </ClCompile>
    <ClCompile Include="src\BattleGround.cpp">
      <Filter>src</Filter>
    </ClCompile>
    <ClCompile Include="src\BattleSoccer.cpp">
      <Filter>src</Filter>
    </ClCompile>
    <ClCompile Include="src\BattleSoccerManager.cpp">
      <Filter>src</Filter>
    </ClCompile>
    <ClCompile Include="src\BloodCastle.cpp">
      <Filter>src</Filter>
    </ClCompile>
    <ClCompile Include="src\BlueEvent.cpp">
      <Filter>src</Filter>
    </ClCompile>
    <ClCompile Include="src\CallStackTrace.cpp">
      <Filter>src</Filter>
    </ClCompile>
    <ClCompile Include="src\CannonTower.cpp">
      <Filter>src</Filter>
    </ClCompile>
    <ClCompile Include="src\CashItemPeriodSystem.cpp">
      <Filter>src</Filter>
    </ClCompile>
    <ClCompile Include="src\CashLotterySystem.cpp">
      <Filter>src</Filter>
    </ClCompile>
    <ClCompile Include="src\CashShop.cpp">
      <Filter>src</Filter>
    </ClCompile>
    <ClCompile Include="src\CastleCrown.cpp">
      <Filter>src</Filter>
    </ClCompile>
    <ClCompile Include="src\CastleCrownSwitch.cpp">
      <Filter>src</Filter>
    </ClCompile>
    <ClCompile Include="src\CastleDeepEvent.cpp">
      <Filter>src</Filter>
    </ClCompile>
    <ClCompile Include="src\CastleSiege.cpp">
      <Filter>src</Filter>
    </ClCompile>
    <ClCompile Include="src\CastleSiegeSync.cpp">
      <Filter>src</Filter>
    </ClCompile>
    <ClCompile Include="src\ChaosBox.cpp">
      <Filter>src</Filter>
    </ClCompile>
    <ClCompile Include="src\ChaosCard.cpp">
      <Filter>src</Filter>
    </ClCompile>
    <ClCompile Include="src\ChaosCastle.cpp">
      <Filter>src</Filter>
    </ClCompile>
    <ClCompile Include="src\ChatHandler.cpp">
      <Filter>src</Filter>
    </ClCompile>
    <ClCompile Include="src\CherryBlossom.cpp">
      <Filter>src</Filter>
    </ClCompile>
    <ClCompile Include="src\CLoginCount.cpp">
      <Filter>src</Filter>
    </ClCompile>
    <ClCompile Include="src\ClosePlayer.cpp">
      <Filter>src</Filter>
    </ClCompile>
    <ClCompile Include="src\ComboAttack.cpp">
      <Filter>src</Filter>
    </ClCompile>
    <ClCompile Include="src\Configs.cpp">
      <Filter>src</Filter>
    </ClCompile>
    <ClCompile Include="src\ConMember.cpp">
      <Filter>src</Filter>
    </ClCompile>
    <ClCompile Include="src\Crywolf.cpp">
      <Filter>src</Filter>
    </ClCompile>
    <ClCompile Include="src\CrywolfAltar.cpp">
      <Filter>src</Filter>
    </ClCompile>
    <ClCompile Include="src\CrywolfDarkElf.cpp">
      <Filter>src</Filter>
    </ClCompile>
    <ClCompile Include="src\CrywolfMonster.cpp">
      <Filter>src</Filter>
    </ClCompile>
    <ClCompile Include="src\CrywolfObjInfo.cpp">
      <Filter>src</Filter>
    </ClCompile>
    <ClCompile Include="src\CrywolfStateTimeInfo.cpp">
      <Filter>src</Filter>
    </ClCompile>
    <ClCompile Include="src\CrywolfStatue.cpp">
      <Filter>src</Filter>
    </ClCompile>
    <ClCompile Include="src\CrywolfSync.cpp">
      <Filter>src</Filter>
    </ClCompile>
    <ClCompile Include="src\CrywolfTanker.cpp">
      <Filter>src</Filter>
    </ClCompile>
    <ClCompile Include="src\CrywolfUtil.cpp">
      <Filter>src</Filter>
    </ClCompile>
    <ClCompile Include="src\CWhatsUpDummyServer.cpp">
      <Filter>src</Filter>
    </ClCompile>
    <ClCompile Include="src\DarkSpirit.cpp">
      <Filter>src</Filter>
    </ClCompile>
    <ClCompile Include="src\DbSave.cpp">
      <Filter>src</Filter>
    </ClCompile>
    <ClCompile Include="src\DBSockMng.cpp">
      <Filter>src</Filter>
    </ClCompile>
    <ClCompile Include="src\DevilSquare.cpp">
      <Filter>src</Filter>
    </ClCompile>
    <ClCompile Include="src\DevilSquareGround.cpp">
      <Filter>src</Filter>
    </ClCompile>
    <ClCompile Include="src\DoubleGoer.cpp">
      <Filter>src</Filter>
    </ClCompile>
    <ClCompile Include="src\DSProtocol.cpp">
      <Filter>src</Filter>
    </ClCompile>
    <ClCompile Include="src\DuelSystem.cpp">
      <Filter>src</Filter>
    </ClCompile>
    <ClCompile Include="src\EDSProtocol.cpp">
      <Filter>src</Filter>
    </ClCompile>
    <ClCompile Include="src\Event.cpp">
      <Filter>src</Filter>
    </ClCompile>
    <ClCompile Include="src\EventManagement.cpp">
      <Filter>src</Filter>
    </ClCompile>
    <ClCompile Include="src\Firewall.cpp">
      <Filter>src</Filter>
    </ClCompile>
    <ClCompile Include="src\Functions.cpp">
      <Filter>src</Filter>
    </ClCompile>
    <ClCompile Include="src\GameMain.cpp">
      <Filter>src</Filter>
    </ClCompile>
    <ClCompile Include="src\Gate.cpp">
      <Filter>src</Filter>
    </ClCompile>
    <ClCompile Include="src\GenSystem.cpp">
      <Filter>src</Filter>
    </ClCompile>
    <ClCompile Include="src\GMManager.cpp">
      <Filter>src</Filter>
    </ClCompile>
    <ClCompile Include="src\gObjMonster.cpp">
      <Filter>src</Filter>
    </ClCompile>
    <ClCompile Include="src\GoldenArcher.cpp">
      <Filter>src</Filter>
    </ClCompile>
    <ClCompile Include="src\GoldenEvent.cpp">
      <Filter>src</Filter>
    </ClCompile>
    <ClCompile Include="src\Guardian.cpp">
      <Filter>src</Filter>
    </ClCompile>
    <ClCompile Include="src\GuardianStatue.cpp">
      <Filter>src</Filter>
    </ClCompile>
    <ClCompile Include="src\GuildClass.cpp">
      <Filter>src</Filter>
    </ClCompile>
    <ClCompile Include="src\Halloween.cpp">
      <Filter>src</Filter>
    </ClCompile>
    <ClCompile Include="src\HappyHour.cpp">
      <Filter>src</Filter>
    </ClCompile>
    <ClCompile Include="src\HappyPouch.cpp">
      <Filter>src</Filter>
    </ClCompile>
    <ClCompile Include="src\IllusionTemple.cpp">
      <Filter>src</Filter>
    </ClCompile>
    <ClCompile Include="src\IllusionTempleProc.cpp">
      <Filter>src</Filter>
    </ClCompile>
    <ClCompile Include="src\ImperialFort.cpp">
      <Filter>src</Filter>
    </ClCompile>
    <ClCompile Include="src\InitConfigs.cpp">
      <Filter>src</Filter>
    </ClCompile>
    <ClCompile Include="src\IpCache.cpp">
      <Filter>src</Filter>
    </ClCompile>
    <ClCompile Include="src\Item380System.cpp">
      <Filter>src</Filter>
    </ClCompile>
    <ClCompile Include="src\ItemAddOption.cpp">
      <Filter>src</Filter>
    </ClCompile>
    <ClCompile Include="src\ItemBag.cpp">
      <Filter>src</Filter>
    </ClCompile>
    <ClCompile Include="src\ItemBagEx.cpp">
      <Filter>src</Filter>
    </ClCompile>
    <ClCompile Include="src\ItemDropManager.cpp">
      <Filter>src</Filter>
    </ClCompile>
    <ClCompile Include="src\ItemSocketSystem.cpp">
      <Filter>src</Filter>
    </ClCompile>
    <ClCompile Include="src\JewelMixSystem.cpp">
      <Filter>src</Filter>
    </ClCompile>
    <ClCompile Include="src\JewelOfHarmonySystem.cpp">
      <Filter>src</Filter>
    </ClCompile>
    <ClCompile Include="src\JSProtocol.cpp">
      <Filter>src</Filter>
    </ClCompile>
    <ClCompile Include="src\KalimaGate.cpp">
      <Filter>src</Filter>
    </ClCompile>
    <ClCompile Include="src\Kanturu.cpp">
      <Filter>src</Filter>
    </ClCompile>
    <ClCompile Include="src\KanturuBattleOfMaya.cpp">
      <Filter>src</Filter>
    </ClCompile>
    <ClCompile Include="src\KanturuBattleOfNightmare.cpp">
      <Filter>src</Filter>
    </ClCompile>
    <ClCompile Include="src\KanturuBattleStanby.cpp">
      <Filter>src</Filter>
    </ClCompile>
    <ClCompile Include="src\KanturuBattleUserMng.cpp">
      <Filter>src</Filter>
    </ClCompile>
    <ClCompile Include="src\KanturuEntranceNPC.cpp">
      <Filter>src</Filter>
    </ClCompile>
    <ClCompile Include="src\KanturuMaya.cpp">
      <Filter>src</Filter>
    </ClCompile>
    <ClCompile Include="src\KanturuMonsterMng.cpp">
      <Filter>src</Filter>
    </ClCompile>
    <ClCompile Include="src\KanturuNightmare.cpp">
      <Filter>src</Filter>
    </ClCompile>
    <ClCompile Include="src\KanturuStateInfo.cpp">
      <Filter>src</Filter>
    </ClCompile>
    <ClCompile Include="src\KanturuTowerOfRefinement.cpp">
      <Filter>src</Filter>
    </ClCompile>
    <ClCompile Include="src\KanturuUtil.cpp">
      <Filter>src</Filter>
    </ClCompile>
    <ClCompile Include="src\LargeRand.cpp">
      <Filter>src</Filter>
    </ClCompile>
    <ClCompile Include="src\LifeStone.cpp">
      <Filter>src</Filter>
    </ClCompile>
    <ClCompile Include="src\LogProc.cpp">
      <Filter>src</Filter>
    </ClCompile>
    <ClCompile Include="src\LuckyCoin.cpp">
      <Filter>src</Filter>
    </ClCompile>
    <ClCompile Include="src\MagicDamage.cpp">
      <Filter>src</Filter>
    </ClCompile>
    <ClCompile Include="src\MagicInf.cpp">
      <Filter>src</Filter>
    </ClCompile>
    <ClCompile Include="src\Main.cpp">
      <Filter>src</Filter>
    </ClCompile>
    <ClCompile Include="src\MapClass.cpp">
      <Filter>src</Filter>
    </ClCompile>
    <ClCompile Include="src\MapItem.cpp">
      <Filter>src</Filter>
    </ClCompile>
    <ClCompile Include="src\MapServerManager.cpp">
      <Filter>src</Filter>
    </ClCompile>
    <ClCompile Include="src\MarrySystem.cpp">
      <Filter>src</Filter>
    </ClCompile>
    <ClCompile Include="src\MasterSkillSystem.cpp">
      <Filter>src</Filter>
    </ClCompile>
    <ClCompile Include="src\Mercenary.cpp">
      <Filter>src</Filter>
    </ClCompile>
    <ClCompile Include="src\MiniDumper.cpp">
      <Filter>src</Filter>
    </ClCompile>
    <ClCompile Include="src\MonsterAttr.cpp">
      <Filter>src</Filter>
    </ClCompile>
    <ClCompile Include="src\MonsterHerd.cpp">
      <Filter>src</Filter>
    </ClCompile>
    <ClCompile Include="src\MonsterItemMng.cpp">
      <Filter>src</Filter>
    </ClCompile>
    <ClCompile Include="src\MonsterSetBase.cpp">
      <Filter>src</Filter>
    </ClCompile>
    <ClCompile Include="src\MossMerchant.cpp">
      <Filter>src</Filter>
    </ClCompile>
    <ClCompile Include="src\MoveSystem.cpp">
      <Filter>src</Filter>
    </ClCompile>
    <ClCompile Include="src\MultiAttackHackCheck.cpp">
      <Filter>src</Filter>
    </ClCompile>
    <ClCompile Include="src\MultiCheckSum.cpp">
      <Filter>src</Filter>
    </ClCompile>
    <ClCompile Include="src\MuMsg.cpp">
      <Filter>src</Filter>
    </ClCompile>
    <ClCompile Include="src\MyWinsockBase.cpp">
      <Filter>src</Filter>
    </ClCompile>
    <ClCompile Include="src\News.cpp">
      <Filter>src</Filter>
    </ClCompile>
    <ClCompile Include="src\Notice.cpp">
      <Filter>src</Filter>
    </ClCompile>
    <ClCompile Include="src\NpcTalk.cpp">
      <Filter>src</Filter>
    </ClCompile>
    <ClCompile Include="src\NSerialCheck.cpp">
      <Filter>src</Filter>
    </ClCompile>
    <ClCompile Include="src\ObjAttack.cpp">
      <Filter>src</Filter>
    </ClCompile>
    <ClCompile Include="src\ObjBaseAttack.cpp">
      <Filter>src</Filter>
    </ClCompile>
    <ClCompile Include="src\ObjCalCharacter.cpp">
      <Filter>src</Filter>
    </ClCompile>
    <ClCompile Include="src\ObjUseSkill.cpp">
      <Filter>src</Filter>
    </ClCompile>
    <ClCompile Include="src\PacketCheckSum.cpp">
      <Filter>src</Filter>
    </ClCompile>
    <ClCompile Include="src\Packets.cpp">
      <Filter>src</Filter>
    </ClCompile>
    <ClCompile Include="src\Party.cpp">
      <Filter>src</Filter>
    </ClCompile>
    <ClCompile Include="src\PersonalShop.cpp">
      <Filter>src</Filter>
    </ClCompile>
    <ClCompile Include="src\Pets.cpp">
      <Filter>src</Filter>
    </ClCompile>
    <ClCompile Include="src\PKSystem.cpp">
      <Filter>src</Filter>
    </ClCompile>
    <ClCompile Include="src\Protection.cpp">
      <Filter>src</Filter>
    </ClCompile>
    <ClCompile Include="src\protocol.cpp">
      <Filter>src</Filter>
    </ClCompile>
    <ClCompile Include="src\QuestInfo.cpp">
      <Filter>src</Filter>
    </ClCompile>
    <ClCompile Include="src\Raklion.cpp">
      <Filter>src</Filter>
    </ClCompile>
    <ClCompile Include="src\Randomizer.cpp">
      <Filter>src</Filter>
    </ClCompile>
    <ClCompile Include="src\ReadFileManager.cpp">
      <Filter>src</Filter>
    </ClCompile>
    <ClCompile Include="src\RedDragon.cpp">
      <Filter>src</Filter>
    </ClCompile>
    <ClCompile Include="src\RingAttackEvent.cpp">
      <Filter>src</Filter>
    </ClCompile>
    <ClCompile Include="src\SantaEvent.cpp">
      <Filter>src</Filter>
    </ClCompile>
    <ClCompile Include="src\SendHackLog.cpp">
      <Filter>src</Filter>
    </ClCompile>
    <ClCompile Include="src\SendProto.cpp">
      <Filter>src</Filter>
    </ClCompile>
    <ClCompile Include="src\SetItemMacro.cpp">
      <Filter>src</Filter>
    </ClCompile>
    <ClCompile Include="src\SetItemOption.cpp">
      <Filter>src</Filter>
    </ClCompile>
    <ClCompile Include="src\Shop.cpp">
      <Filter>src</Filter>
    </ClCompile>
    <ClCompile Include="src\SimpleModulus.cpp">
      <Filter>src</Filter>
    </ClCompile>
    <ClCompile Include="src\SkillAdditionInfo.cpp">
      <Filter>src</Filter>
    </ClCompile>
    <ClCompile Include="src\SkillDelay.cpp">
      <Filter>src</Filter>
    </ClCompile>
    <ClCompile Include="src\SkillHitBox.cpp">
      <Filter>src</Filter>
    </ClCompile>
    <ClCompile Include="src\SkyEvent.cpp">
      <Filter>src</Filter>
    </ClCompile>
    <ClCompile Include="src\SpecialItems.cpp">
      <Filter>src</Filter>
    </ClCompile>
    <ClCompile Include="src\SQuest.cpp">
      <Filter>src</Filter>
    </ClCompile>
    <ClCompile Include="src\StatMng.cpp">
      <Filter>src</Filter>
    </ClCompile>
    <ClCompile Include="src\StdAfx.cpp">
      <Filter>src</Filter>
    </ClCompile>
    <ClCompile Include="src\Structures.cpp">
      <Filter>src</Filter>
    </ClCompile>
    <ClCompile Include="src\Summer.cpp">
      <Filter>src</Filter>
    </ClCompile>
    <ClCompile Include="src\SwampOfCalmness.cpp">
      <Filter>src</Filter>
    </ClCompile>
    <ClCompile Include="src\TDurMagicKeyChecker.cpp">
      <Filter>src</Filter>
    </ClCompile>
    <ClCompile Include="src\TMonsterAI.cpp">
      <Filter>src</Filter>
    </ClCompile>
    <ClCompile Include="src\TMonsterAIAgro.cpp">
      <Filter>src</Filter>
    </ClCompile>
    <ClCompile Include="src\TMonsterAIAutomata.cpp">
      <Filter>src</Filter>
    </ClCompile>
    <ClCompile Include="src\TMonsterAIElement.cpp">
      <Filter>src</Filter>
    </ClCompile>
    <ClCompile Include="src\TMonsterAIGroup.cpp">
      <Filter>src</Filter>
    </ClCompile>
    <ClCompile Include="src\TMonsterAIGroupMember.cpp">
      <Filter>src</Filter>
    </ClCompile>
    <ClCompile Include="src\TMonsterAIMovePath.cpp">
      <Filter>src</Filter>
    </ClCompile>
    <ClCompile Include="src\TMonsterAIRule.cpp">
      <Filter>src</Filter>
    </ClCompile>
    <ClCompile Include="src\TMonsterAIRuleInfo.cpp">
      <Filter>src</Filter>
    </ClCompile>
    <ClCompile Include="src\TMonsterAIUnit.cpp">
      <Filter>src</Filter>
    </ClCompile>
    <ClCompile Include="src\TMonsterAIUtil.cpp">
      <Filter>src</Filter>
    </ClCompile>
    <ClCompile Include="src\TMonsterSkillElement.cpp">
      <Filter>src</Filter>
    </ClCompile>
    <ClCompile Include="src\TMonsterSkillElementInfo.cpp">
      <Filter>src</Filter>
    </ClCompile>
    <ClCompile Include="src\TMonsterSkillManager.cpp">
      <Filter>src</Filter>
    </ClCompile>
    <ClCompile Include="src\TMonsterSkillUnit.cpp">
      <Filter>src</Filter>
    </ClCompile>
    <ClCompile Include="src\TRandomPoolMgr.cpp">
      <Filter>src</Filter>
    </ClCompile>
    <ClCompile Include="src\TServerAlertManager.cpp">
      <Filter>src</Filter>
    </ClCompile>
    <ClCompile Include="src\TSync.cpp">
      <Filter>src</Filter>
    </ClCompile>
    <ClCompile Include="src\TUnion.cpp">
      <Filter>src</Filter>
    </ClCompile>
    <ClCompile Include="src\TUnionInfo.cpp">
      <Filter>src</Filter>
    </ClCompile>
    <ClCompile Include="src\UnderWorld.cpp">
      <Filter>src</Filter>
    </ClCompile>
    <ClCompile Include="src\user.cpp">
      <Filter>src</Filter>
    </ClCompile>
    <ClCompile Include="src\ViewportGuild.cpp">
      <Filter>src</Filter>
    </ClCompile>
    <ClCompile Include="src\Weapon.cpp">
      <Filter>src</Filter>
    </ClCompile>
    <ClCompile Include="src\WhisperCash.cpp">
      <Filter>src</Filter>
    </ClCompile>
    <ClCompile Include="src\wsGameServer.cpp">
      <Filter>src</Filter>
    </ClCompile>
    <ClCompile Include="src\wsJoinServerCli.cpp">
      <Filter>src</Filter>
    </ClCompile>
    <ClCompile Include="src\wsShopServerCli.cpp">
      <Filter>src</Filter>
    </ClCompile>
    <ClCompile Include="src\WTEventItemList.cpp">
      <Filter>src</Filter>
    </ClCompile>
    <ClCompile Include="src\WzMemScript.cpp">
      <Filter>src</Filter>
    </ClCompile>
    <ClCompile Include="src\WzMultiCastSock.cpp">
      <Filter>src</Filter>
    </ClCompile>
    <ClCompile Include="src\WzQueue.cpp">
      <Filter>src</Filter>
    </ClCompile>
    <ClCompile Include="src\WZScriptEncode.cpp">
      <Filter>src</Filter>
    </ClCompile>
    <ClCompile Include="src\WzUdp.cpp">
      <Filter>src</Filter>
    </ClCompile>
    <ClCompile Include="src\zzzitem.cpp">
      <Filter>src</Filter>
    </ClCompile>
    <ClCompile Include="src\zzzpath.cpp">
      <Filter>src</Filter>
    </ClCompile>
  </ItemGroup>
  <ItemGroup>
    <ClInclude Include="Test\CharacterInfo.h">
      <Filter>Test</Filter>
    </ClInclude>
    <ClInclude Include="Test\Network.h">
      <Filter>Test</Filter>
    </ClInclude>
    <ClInclude Include="Test\Scripting.h">
      <Filter>Test\SCRIPT</Filter>
    </ClInclude>
    <ClInclude Include="include\AcceptIp.h">
      <Filter>include</Filter>
    </ClInclude>
    <ClInclude Include="include\BattleGround.h">
      <Filter>include</Filter>
    </ClInclude>
    <ClInclude Include="include\BattleSoccer.h">
      <Filter>include</Filter>
    </ClInclude>
    <ClInclude Include="include\BattleSoccerManager.h">
      <Filter>include</Filter>
    </ClInclude>
    <ClInclude Include="include\BloodCastle.h">
      <Filter>include</Filter>
    </ClInclude>
    <ClInclude Include="include\BlueEvent.h">
      <Filter>include</Filter>
    </ClInclude>
    <ClInclude Include="include\CallStackTrace.h">
      <Filter>include</Filter>
    </ClInclude>
    <ClInclude Include="include\CannonTower.h">
      <Filter>include</Filter>
    </ClInclude>
    <ClInclude Include="include\CashItemPeriodSystem.h">
      <Filter>include</Filter>
    </ClInclude>
    <ClInclude Include="include\CashLotterySystem.h">
      <Filter>include</Filter>
    </ClInclude>
    <ClInclude Include="include\CashShop.h">
      <Filter>include</Filter>
    </ClInclude>
    <ClInclude Include="include\CastleCrown.h">
      <Filter>include</Filter>
    </ClInclude>
    <ClInclude Include="include\CastleCrownSwitch.h">
      <Filter>include</Filter>
    </ClInclude>
    <ClInclude Include="include\CastleDeepEvent.h">
      <Filter>include</Filter>
    </ClInclude>
    <ClInclude Include="include\CastleSiege.h">
      <Filter>include</Filter>
    </ClInclude>
    <ClInclude Include="include\CastleSiegeSync.h">
      <Filter>include</Filter>
    </ClInclude>
    <ClInclude Include="include\ChaosBox.h">
      <Filter>include</Filter>
    </ClInclude>
    <ClInclude Include="include\ChaosCard.h">
      <Filter>include</Filter>
    </ClInclude>
    <ClInclude Include="include\ChaosCastle.h">
      <Filter>include</Filter>
    </ClInclude>
    <ClInclude Include="include\ChatHandler.h">
      <Filter>include</Filter>
    </ClInclude>
    <ClInclude Include="include\CherryBlossom.h">
      <Filter>include</Filter>
    </ClInclude>
    <ClInclude Include="include\CLoginCount.h">
      <Filter>include</Filter>
    </ClInclude>
    <ClInclude Include="include\ClosePlayer.h">
      <Filter>include</Filter>
    </ClInclude>
    <ClInclude Include="include\ComboAttack.h">
      <Filter>include</Filter>
    </ClInclude>
    <ClInclude Include="include\Configs.h">
      <Filter>include</Filter>
    </ClInclude>
    <ClInclude Include="include\ConMember.h">
      <Filter>include</Filter>
    </ClInclude>
    <ClInclude Include="include\Crywolf.h">
      <Filter>include</Filter>
    </ClInclude>
    <ClInclude Include="include\CrywolfAltar.h">
      <Filter>include</Filter>
    </ClInclude>
    <ClInclude Include="include\CrywolfDarkElf.h">
      <Filter>include</Filter>
    </ClInclude>
    <ClInclude Include="include\CrywolfMonster.h">
      <Filter>include</Filter>
    </ClInclude>
    <ClInclude Include="include\CrywolfObjInfo.h">
      <Filter>include</Filter>
    </ClInclude>
    <ClInclude Include="include\CrywolfStateTimeInfo.h">
      <Filter>include</Filter>
    </ClInclude>
    <ClInclude Include="include\CrywolfStatue.h">
      <Filter>include</Filter>
    </ClInclude>
    <ClInclude Include="include\CrywolfSync.h">
      <Filter>include</Filter>
    </ClInclude>
    <ClInclude Include="include\CrywolfTanker.h">
      <Filter>include</Filter>
    </ClInclude>
    <ClInclude Include="include\CrywolfUtil.h">
      <Filter>include</Filter>
    </ClInclude>
    <ClInclude Include="include\CWhatsUpDummyServer.h">
      <Filter>include</Filter>
    </ClInclude>
    <ClInclude Include="include\DarkSpirit.h">
      <Filter>include</Filter>
    </ClInclude>
    <ClInclude Include="include\DbSave.h">
      <Filter>include</Filter>
    </ClInclude>
    <ClInclude Include="include\DBSockMng.h">
      <Filter>include</Filter>
    </ClInclude>
    <ClInclude Include="include\Defines.h">
      <Filter>include</Filter>
    </ClInclude>
    <ClInclude Include="include\DevilSquare.h">
      <Filter>include</Filter>
    </ClInclude>
    <ClInclude Include="include\DevilSquareGround.h">
      <Filter>include</Filter>
    </ClInclude>
    <ClInclude Include="include\DoubleGoer.h">
      <Filter>include</Filter>
    </ClInclude>
    <ClInclude Include="include\DSProtocol.h">
      <Filter>include</Filter>
    </ClInclude>
    <ClInclude Include="include\DuelSystem.h">
      <Filter>include</Filter>
    </ClInclude>
    <ClInclude Include="include\EDSProtocol.h">
      <Filter>include</Filter>
    </ClInclude>
    <ClInclude Include="include\Event.h">
      <Filter>include</Filter>
    </ClInclude>
    <ClInclude Include="include\EventManagement.h">
      <Filter>include</Filter>
    </ClInclude>
    <ClInclude Include="include\Firewall.h">
      <Filter>include</Filter>
    </ClInclude>
    <ClInclude Include="include\Functions.h">
      <Filter>include</Filter>
    </ClInclude>
    <ClInclude Include="include\GameMain.h">
      <Filter>include</Filter>
    </ClInclude>
    <ClInclude Include="include\Gate.h">
      <Filter>include</Filter>
    </ClInclude>
    <ClInclude Include="include\GenSystem.h">
      <Filter>include</Filter>
    </ClInclude>
    <ClInclude Include="include\GMManager.h">
      <Filter>include</Filter>
    </ClInclude>
    <ClInclude Include="include\gObjMonster.h">
      <Filter>include</Filter>
    </ClInclude>
    <ClInclude Include="include\GoldenArcher.h">
      <Filter>include</Filter>
    </ClInclude>
    <ClInclude Include="include\GoldenEvent.h">
      <Filter>include</Filter>
    </ClInclude>
    <ClInclude Include="include\GProtocol.h">
      <Filter>include</Filter>
    </ClInclude>
    <ClInclude Include="include\Guardian.h">
      <Filter>include</Filter>
    </ClInclude>
    <ClInclude Include="include\GuardianStatue.h">
      <Filter>include</Filter>
    </ClInclude>
    <ClInclude Include="include\GuildClass.h">
      <Filter>include</Filter>
    </ClInclude>
    <ClInclude Include="include\Halloween.h">
      <Filter>include</Filter>
    </ClInclude>
    <ClInclude Include="include\HappyHour.h">
      <Filter>include</Filter>
    </ClInclude>
    <ClInclude Include="include\HappyPouch.h">
      <Filter>include</Filter>
    </ClInclude>
    <ClInclude Include="include\IllusionTemple.h">
      <Filter>include</Filter>
    </ClInclude>
    <ClInclude Include="include\ImperialFort.h">
      <Filter>include</Filter>
    </ClInclude>
    <ClInclude Include="include\InitConfigs.h">
      <Filter>include</Filter>
    </ClInclude>
    <ClInclude Include="include\IpCache.h">
      <Filter>include</Filter>
    </ClInclude>
    <ClInclude Include="include\Item380System.h">
      <Filter>include</Filter>
    </ClInclude>
    <ClInclude Include="include\ItemAddOption.h">
      <Filter>include</Filter>
    </ClInclude>
    <ClInclude Include="include\ItemBag.h">
      <Filter>include</Filter>
    </ClInclude>
    <ClInclude Include="include\ItemBagEx.h">
      <Filter>include</Filter>
    </ClInclude>
    <ClInclude Include="include\ItemDropManager.h">
      <Filter>include</Filter>
    </ClInclude>
    <ClInclude Include="include\ItemSocketSystem.h">
      <Filter>include</Filter>
    </ClInclude>
    <ClInclude Include="include\JewelMixSystem.h">
      <Filter>include</Filter>
    </ClInclude>
    <ClInclude Include="include\JewelOfHarmonySystem.h">
      <Filter>include</Filter>
    </ClInclude>
    <ClInclude Include="include\JoinProtocol.h">
      <Filter>include</Filter>
    </ClInclude>
    <ClInclude Include="include\JSProtocol.h">
      <Filter>include</Filter>
    </ClInclude>
    <ClInclude Include="include\KalimaGate.h">
      <Filter>include</Filter>
    </ClInclude>
    <ClInclude Include="include\Kanturu.h">
      <Filter>include</Filter>
    </ClInclude>
    <ClInclude Include="include\KanturuBattleOfMaya.h">
      <Filter>include</Filter>
    </ClInclude>
    <ClInclude Include="include\KanturuBattleOfNightmare.h">
      <Filter>include</Filter>
    </ClInclude>
    <ClInclude Include="include\KanturuBattleStanby.h">
      <Filter>include</Filter>
    </ClInclude>
    <ClInclude Include="include\KanturuBattleUser.h">
      <Filter>include</Filter>
    </ClInclude>
    <ClInclude Include="include\KanturuBattleUserMng.h">
      <Filter>include</Filter>
    </ClInclude>
    <ClInclude Include="include\KanturuEntranceNPC.h">
      <Filter>include</Filter>
    </ClInclude>
    <ClInclude Include="include\KanturuMaya.h">
      <Filter>include</Filter>
    </ClInclude>
    <ClInclude Include="include\KanturuMonsterMng.h">
      <Filter>include</Filter>
    </ClInclude>
    <ClInclude Include="include\KanturuNightmare.h">
      <Filter>include</Filter>
    </ClInclude>
    <ClInclude Include="include\KanturuObjInfo.h">
      <Filter>include</Filter>
    </ClInclude>
    <ClInclude Include="include\KanturuStateInfo.h">
      <Filter>include</Filter>
    </ClInclude>
    <ClInclude Include="include\KanturuTowerOfRefinement.h">
      <Filter>include</Filter>
    </ClInclude>
    <ClInclude Include="include\KanturuUtil.h">
      <Filter>include</Filter>
    </ClInclude>
    <ClInclude Include="include\LargeRand.h">
      <Filter>include</Filter>
    </ClInclude>
    <ClInclude Include="include\LifeStone.h">
      <Filter>include</Filter>
    </ClInclude>
    <ClInclude Include="include\LogProc.h">
      <Filter>include</Filter>
    </ClInclude>
    <ClInclude Include="include\LuckyCoin.h">
      <Filter>include</Filter>
    </ClInclude>
    <ClInclude Include="include\MagicDamage.h">
      <Filter>include</Filter>
    </ClInclude>
    <ClInclude Include="include\MagicInf.h">
      <Filter>include</Filter>
    </ClInclude>
    <ClInclude Include="include\Main.h">
      <Filter>include</Filter>
    </ClInclude>
    <ClInclude Include="include\MapClass.h">
      <Filter>include</Filter>
    </ClInclude>
    <ClInclude Include="include\MapItem.h">
      <Filter>include</Filter>
    </ClInclude>
    <ClInclude Include="include\MapServerManager.h">
      <Filter>include</Filter>
    </ClInclude>
    <ClInclude Include="include\MarrySystem.h">
      <Filter>include</Filter>
    </ClInclude>
    <ClInclude Include="include\MasterSkillSystem.h">
      <Filter>include</Filter>
    </ClInclude>
    <ClInclude Include="include\Mercenary.h">
      <Filter>include</Filter>
    </ClInclude>
    <ClInclude Include="include\MiniDumper.h">
      <Filter>include</Filter>
    </ClInclude>
    <ClInclude Include="include\MonsterAttr.h">
      <Filter>include</Filter>
    </ClInclude>
    <ClInclude Include="include\MonsterHerd.h">
      <Filter>include</Filter>
    </ClInclude>
    <ClInclude Include="include\MonsterItemMng.h">
      <Filter>include</Filter>
    </ClInclude>
    <ClInclude Include="include\MonsterSetBase.h">
      <Filter>include</Filter>
    </ClInclude>
    <ClInclude Include="include\MossMerchant.h">
      <Filter>include</Filter>
    </ClInclude>
    <ClInclude Include="include\MoveSystem.h">
      <Filter>include</Filter>
    </ClInclude>
    <ClInclude Include="include\MultiAttackHackCheck.h">
      <Filter>include</Filter>
    </ClInclude>
    <ClInclude Include="include\MultiCheckSum.h">
      <Filter>include</Filter>
    </ClInclude>
    <ClInclude Include="include\MuMsg.h">
      <Filter>include</Filter>
    </ClInclude>
    <ClInclude Include="include\MyWinsockBase.h">
      <Filter>include</Filter>
    </ClInclude>
    <ClInclude Include="include\News.h">
      <Filter>include</Filter>
    </ClInclude>
    <ClInclude Include="include\Notice.h">
      <Filter>include</Filter>
    </ClInclude>
    <ClInclude Include="include\NpcTalk.h">
      <Filter>include</Filter>
    </ClInclude>
    <ClInclude Include="include\NSerialCheck.h">
      <Filter>include</Filter>
    </ClInclude>
    <ClInclude Include="include\ObjAttack.h">
      <Filter>include</Filter>
    </ClInclude>
    <ClInclude Include="include\ObjBaseAttack.h">
      <Filter>include</Filter>
    </ClInclude>
    <ClInclude Include="include\ObjCalCharacter.h">
      <Filter>include</Filter>
    </ClInclude>
    <ClInclude Include="include\ObjUseSkill.h">
      <Filter>include</Filter>
    </ClInclude>
    <ClInclude Include="include\PacketCheckSum.h">
      <Filter>include</Filter>
    </ClInclude>
    <ClInclude Include="include\Packets.h">
      <Filter>include</Filter>
    </ClInclude>
    <ClInclude Include="include\Party.h">
      <Filter>include</Filter>
    </ClInclude>
    <ClInclude Include="include\PCSProtocol.h">
      <Filter>include</Filter>
    </ClInclude>
    <ClInclude Include="include\PersonalShop.h">
      <Filter>include</Filter>
    </ClInclude>
    <ClInclude Include="include\Pets.h">
      <Filter>include</Filter>
    </ClInclude>
    <ClInclude Include="include\PKSystem.h">
      <Filter>include</Filter>
    </ClInclude>
    <ClInclude Include="include\prodef.h">
      <Filter>include</Filter>
    </ClInclude>
    <ClInclude Include="include\Protection.h">
      <Filter>include</Filter>
    </ClInclude>
    <ClInclude Include="include\Protocol.h">
      <Filter>include</Filter>
    </ClInclude>
    <ClInclude Include="include\QuestInfo.h">
      <Filter>include</Filter>
    </ClInclude>
    <ClInclude Include="include\Raklion.h">
      <Filter>include</Filter>
    </ClInclude>
    <ClInclude Include="include\Randomizer.h">
      <Filter>include</Filter>
    </ClInclude>
    <ClInclude Include="include\ReadFileManager.h">
      <Filter>include</Filter>
    </ClInclude>
    <ClInclude Include="include\ReadScript.h">
      <Filter>include</Filter>
    </ClInclude>
    <ClInclude Include="include\RedDragon.h">
      <Filter>include</Filter>
    </ClInclude>
    <ClInclude Include="include\RingAttackEvent.h">
      <Filter>include</Filter>
    </ClInclude>
    <ClInclude Include="include\SantaEvent.h">
      <Filter>include</Filter>
    </ClInclude>
    <ClInclude Include="include\SendHackLog.h">
      <Filter>include</Filter>
    </ClInclude>
    <ClInclude Include="include\SendProto.h">
      <Filter>include</Filter>
    </ClInclude>
    <ClInclude Include="include\SetItemMacro.h">
      <Filter>include</Filter>
    </ClInclude>
    <ClInclude Include="include\SetItemOption.h">
      <Filter>include</Filter>
    </ClInclude>
    <ClInclude Include="include\Shop.h">
      <Filter>include</Filter>
    </ClInclude>
    <ClInclude Include="include\SimpleModulus.h">
      <Filter>include</Filter>
    </ClInclude>
    <ClInclude Include="include\SkillAdditionInfo.h">
      <Filter>include</Filter>
    </ClInclude>
    <ClInclude Include="include\SkillDelay.h">
      <Filter>include</Filter>
    </ClInclude>
    <ClInclude Include="include\SkillHitBox.h">
      <Filter>include</Filter>
    </ClInclude>
    <ClInclude Include="include\SkyEvent.h">
      <Filter>include</Filter>
    </ClInclude>
    <ClInclude Include="include\Spe.h">
      <Filter>include</Filter>
    </ClInclude>
    <ClInclude Include="include\SpecialItems.h">
      <Filter>include</Filter>
    </ClInclude>
    <ClInclude Include="include\SQuest.h">
      <Filter>include</Filter>
    </ClInclude>
    <ClInclude Include="include\StatMng.h">
      <Filter>include</Filter>
    </ClInclude>
    <ClInclude Include="include\StdAfx.h">
      <Filter>include</Filter>
    </ClInclude>
    <ClInclude Include="include\Structures.h">
      <Filter>include</Filter>
    </ClInclude>
    <ClInclude Include="include\Summer.h">
      <Filter>include</Filter>
    </ClInclude>
    <ClInclude Include="include\SwampOfCalmness.h">
      <Filter>include</Filter>
    </ClInclude>
    <ClInclude Include="include\TColors.h">
      <Filter>include</Filter>
    </ClInclude>
    <ClInclude Include="include\TDurMagicKeyChecker.h">
      <Filter>include</Filter>
    </ClInclude>
    <ClInclude Include="include\TMonsterAI.h">
      <Filter>include</Filter>
    </ClInclude>
    <ClInclude Include="include\TMonsterAIAgro.h">
      <Filter>include</Filter>
    </ClInclude>
    <ClInclude Include="include\TMonsterAIAutomata.h">
      <Filter>include</Filter>
    </ClInclude>
    <ClInclude Include="include\TMonsterAIElement.h">
      <Filter>include</Filter>
    </ClInclude>
    <ClInclude Include="include\TMonsterAIGroup.h">
      <Filter>include</Filter>
    </ClInclude>
    <ClInclude Include="include\TMonsterAIGroupMember.h">
      <Filter>include</Filter>
    </ClInclude>
    <ClInclude Include="include\TMonsterAIMovePath.h">
      <Filter>include</Filter>
    </ClInclude>
    <ClInclude Include="include\TMonsterAIRule.h">
      <Filter>include</Filter>
    </ClInclude>
    <ClInclude Include="include\TMonsterAIRuleInfo.h">
      <Filter>include</Filter>
    </ClInclude>
    <ClInclude Include="include\TMonsterAIState.h">
      <Filter>include</Filter>
    </ClInclude>
    <ClInclude Include="include\TMonsterAIUnit.h">
      <Filter>include</Filter>
    </ClInclude>
    <ClInclude Include="include\TMonsterAIUtil.h">
      <Filter>include</Filter>
    </ClInclude>
    <ClInclude Include="include\TMonsterSkillElement.h">
      <Filter>include</Filter>
    </ClInclude>
    <ClInclude Include="include\TMonsterSkillElementInfo.h">
      <Filter>include</Filter>
    </ClInclude>
    <ClInclude Include="include\TMonsterSkillInfo.h">
      <Filter>include</Filter>
    </ClInclude>
    <ClInclude Include="include\TMonsterSkillManager.h">
      <Filter>include</Filter>
    </ClInclude>
    <ClInclude Include="include\TMonsterSkillUnit.h">
      <Filter>include</Filter>
    </ClInclude>
    <ClInclude Include="include\Tokenizer.h">
      <Filter>include</Filter>
    </ClInclude>
    <ClInclude Include="include\TRandomPoolMgr.h">
      <Filter>include</Filter>
    </ClInclude>
    <ClInclude Include="include\TServerAlertManager.h">
      <Filter>include</Filter>
    </ClInclude>
    <ClInclude Include="include\TSkillElement.h">
      <Filter>include</Filter>
    </ClInclude>
    <ClInclude Include="include\TSync.h">
      <Filter>include</Filter>
    </ClInclude>
    <ClInclude Include="include\TUnion.h">
      <Filter>include</Filter>
    </ClInclude>
    <ClInclude Include="include\TUnionInfo.h">
      <Filter>include</Filter>
    </ClInclude>
    <ClInclude Include="include\UnderWorld.h">
      <Filter>include</Filter>
    </ClInclude>
    <ClInclude Include="include\User.h">
      <Filter>include</Filter>
    </ClInclude>
    <ClInclude Include="include\ViewportGuild.h">
      <Filter>include</Filter>
    </ClInclude>
    <ClInclude Include="include\Weapon.h">
      <Filter>include</Filter>
    </ClInclude>
    <ClInclude Include="include\WhisperCash.h">
      <Filter>include</Filter>
    </ClInclude>
    <ClInclude Include="include\wsGameServer.h">
      <Filter>include</Filter>
    </ClInclude>
    <ClInclude Include="include\wsJoinServerCli.h">
      <Filter>include</Filter>
    </ClInclude>
    <ClInclude Include="include\wsShopServerCli.h">
      <Filter>include</Filter>
    </ClInclude>
    <ClInclude Include="include\WTEventItemList.h">
      <Filter>include</Filter>
    </ClInclude>
    <ClInclude Include="include\WzMemScript.h">
      <Filter>include</Filter>
    </ClInclude>
    <ClInclude Include="include\WzMultiCastSock.h">
      <Filter>include</Filter>
    </ClInclude>
    <ClInclude Include="include\WzQueue.h">
      <Filter>include</Filter>
    </ClInclude>
    <ClInclude Include="include\WZScriptEncode.h">
      <Filter>include</Filter>
    </ClInclude>
    <ClInclude Include="include\WzUdp.h">
      <Filter>include</Filter>
    </ClInclude>
    <ClInclude Include="include\zzzitem.h">
      <Filter>include</Filter>
    </ClInclude>
    <ClInclude Include="include\zzzpath.h">
      <Filter>include</Filter>
    </ClInclude>
    <ClInclude Include="Resrc\resource.h">
      <Filter>include</Filter>
    </ClInclude>
  </ItemGroup>
  <ItemGroup>
    <ResourceCompile Include="Resrc\GameServer.rc">
      <Filter>src</Filter>
    </ResourceCompile>
  </ItemGroup>
  <ItemGroup>
    <None Include="Resrc\IconApp.ico">
      <Filter>Resrc</Filter>
    </None>
  </ItemGroup>
</Project>