
Microsoft Visual Studio Solution File, Format Version 11.00
# Visual Studio 2010
Project("{8BC9CEB8-8B4A-11D0-8D11-00A0C91BC942}") = "eDataServer", "eDataServer.vcxproj", "{22EA0958-DA66-DC40-7822-DD13711CE25C}"
EndProject
Global
	GlobalSection(SolutionConfigurationPlatforms) = preSolution
		Debug|Win32 = Debug|Win32
		Release|Win32 = Release|Win32
	EndGlobalSection
	GlobalSection(ProjectConfigurationPlatforms) = postSolution
		{22EA0958-DA66-DC40-7822-DD13711CE25C}.Debug|Win32.ActiveCfg = Debug|Win32
		{22EA0958-DA66-DC40-7822-DD13711CE25C}.Debug|Win32.Build.0 = Debug|Win32
		{22EA0958-DA66-DC40-7822-DD13711CE25C}.Release|Win32.ActiveCfg = Release|Win32
		{22EA0958-DA66-DC40-7822-DD13711CE25C}.Release|Win32.Build.0 = Release|Win32
	EndGlobalSection
	GlobalSection(SolutionProperties) = preSolution
		HideSolutionNode = FALSE
	EndGlobalSection
EndGlobal
