<?xml version="1.0" encoding="utf-8"?>
<Project ToolsVersion="4.0" xmlns="http://schemas.microsoft.com/developer/msbuild/2003">
  <ItemGroup>
    <Filter Include="Source Files">
      <UniqueIdentifier>{755a8080-f6f3-4707-92d0-2026a97c43c7}</UniqueIdentifier>
      <Extensions>cpp;c;cxx;rc;def;r;odl;idl;hpj;bat</Extensions>
    </Filter>
    <Filter Include="Header Files">
      <UniqueIdentifier>{b4122a67-755c-41cd-b4ab-70cbc580bf8d}</UniqueIdentifier>
      <Extensions>h;hpp;hxx;hm;inl</Extensions>
    </Filter>
    <Filter Include="Resource Files">
      <UniqueIdentifier>{548c2ac5-453b-4b69-beac-0f6699eb6635}</UniqueIdentifier>
      <Extensions>ico;cur;bmp;dlg;rc2;rct;bin;rgs;gif;jpg;jpeg;jpe</Extensions>
    </Filter>
  </ItemGroup>
  <ItemGroup>
    <ClCompile Include="src\CSprotocol.cpp">
      <Filter>Source Files</Filter>
    </ClCompile>
    <ClCompile Include="src\DSprotocol.cpp">
      <Filter>Source Files</Filter>
    </ClCompile>
    <ClCompile Include="src\eDataServer.cpp">
      <Filter>Source Files</Filter>
    </ClCompile>
    <ClCompile Include="src\EDSprotocol.cpp">
      <Filter>Source Files</Filter>
    </ClCompile>
    <ClCompile Include="src\Eprotocol.cpp">
      <Filter>Source Files</Filter>
    </ClCompile>
    <ClCompile Include="src\giocp.cpp">
      <Filter>Source Files</Filter>
    </ClCompile>
    <ClCompile Include="src\GuildManager.cpp">
      <Filter>Source Files</Filter>
    </ClCompile>
    <ClCompile Include="src\LogProc.cpp">
      <Filter>Source Files</Filter>
    </ClCompile>
    <ClCompile Include="src\MapServerManager.cpp">
      <Filter>Source Files</Filter>
    </ClCompile>
    <ClCompile Include="src\MD5.cpp">
      <Filter>Source Files</Filter>
    </ClCompile>
    <ClCompile Include="src\Query.cpp">
      <Filter>Source Files</Filter>
    </ClCompile>
    <ClCompile Include="src\RSprotocol.cpp">
      <Filter>Source Files</Filter>
    </ClCompile>
    <ClCompile Include="src\ServerEngine.cpp">
      <Filter>Source Files</Filter>
    </ClCompile>
    <ClCompile Include="src\Sprotocol.cpp">
      <Filter>Source Files</Filter>
    </ClCompile>
    <ClCompile Include="src\StdAfx.cpp">
      <Filter>Source Files</Filter>
    </ClCompile>
    <ClCompile Include="src\TServerInfoDisplayer.cpp">
      <Filter>Source Files</Filter>
    </ClCompile>
    <ClCompile Include="src\winutil.cpp">
      <Filter>Source Files</Filter>
    </ClCompile>
    <ClCompile Include="src\WzUdp.cpp">
      <Filter>Source Files</Filter>
    </ClCompile>
  </ItemGroup>
  <ItemGroup>
    <ResourceCompile Include="Resrc\eDataServer.rc">
      <Filter>Source Files</Filter>
    </ResourceCompile>
  </ItemGroup>
  <ItemGroup>
    <ClInclude Include="include\CSprotocol.h">
      <Filter>Header Files</Filter>
    </ClInclude>
    <ClInclude Include="include\DSprotocol.h">
      <Filter>Header Files</Filter>
    </ClInclude>
    <ClInclude Include="include\eDataServer.h">
      <Filter>Header Files</Filter>
    </ClInclude>
    <ClInclude Include="include\EDSprotocol.h">
      <Filter>Header Files</Filter>
    </ClInclude>
    <ClInclude Include="include\Eprotocol.h">
      <Filter>Header Files</Filter>
    </ClInclude>
    <ClInclude Include="include\giocp.h">
      <Filter>Header Files</Filter>
    </ClInclude>
    <ClInclude Include="include\GuildManager.h">
      <Filter>Header Files</Filter>
    </ClInclude>
    <ClInclude Include="include\logproc.h">
      <Filter>Header Files</Filter>
    </ClInclude>
    <ClInclude Include="include\MapServerManager.h">
      <Filter>Header Files</Filter>
    </ClInclude>
    <ClInclude Include="include\MD5.h">
      <Filter>Header Files</Filter>
    </ClInclude>
    <ClInclude Include="include\MD5_KEYVAL.H">
      <Filter>Header Files</Filter>
    </ClInclude>
    <ClInclude Include="include\prodef.h">
      <Filter>Header Files</Filter>
    </ClInclude>
    <ClInclude Include="include\Query.h">
      <Filter>Header Files</Filter>
    </ClInclude>
    <ClInclude Include="include\ReadScript.h">
      <Filter>Header Files</Filter>
    </ClInclude>
    <ClInclude Include="include\resource.h">
      <Filter>Header Files</Filter>
    </ClInclude>
    <ClInclude Include="include\RSprotocol.h">
      <Filter>Header Files</Filter>
    </ClInclude>
    <ClInclude Include="include\ServerEngine.h">
      <Filter>Header Files</Filter>
    </ClInclude>
    <ClInclude Include="include\Sprotocol.h">
      <Filter>Header Files</Filter>
    </ClInclude>
    <ClInclude Include="include\StdAfx.h">
      <Filter>Header Files</Filter>
    </ClInclude>
    <ClInclude Include="include\TServerInfoDisplayer.h">
      <Filter>Header Files</Filter>
    </ClInclude>
    <ClInclude Include="include\winutil.h">
      <Filter>Header Files</Filter>
    </ClInclude>
    <ClInclude Include="include\WzUdp.h">
      <Filter>Header Files</Filter>
    </ClInclude>
  </ItemGroup>
  <ItemGroup>
    <CustomBuild Include="ReadMe.txt" />
    <CustomBuild Include="Resrc\eDataServer.ico">
      <Filter>Resource Files</Filter>
    </CustomBuild>
    <CustomBuild Include="Resrc\small.ico">
      <Filter>Resource Files</Filter>
    </CustomBuild>
  </ItemGroup>
</Project>
