<?xml version="1.0" encoding="utf-8"?>
<Project ToolsVersion="4.0" xmlns="http://schemas.microsoft.com/developer/msbuild/2003">
  <ItemGroup>
    <Filter Include="Source Files">
      <UniqueIdentifier>{755a8080-f6f3-4707-92d0-2026a97c43c7}</UniqueIdentifier>
      <Extensions>cpp;c;cxx;rc;def;r;odl;idl;hpj;bat</Extensions>
    </Filter>
    <Filter Include="Header Files">
      <UniqueIdentifier>{b4122a67-755c-41cd-b4ab-70cbc580bf8d}</UniqueIdentifier>
      <Extensions>h;hpp;hxx;hm;inl</Extensions>
    </Filter>
    <Filter Include="Resource Files">
      <UniqueIdentifier>{548c2ac5-453b-4b69-beac-0f6699eb6635}</UniqueIdentifier>
      <Extensions>ico;cur;bmp;dlg;rc2;rct;bin;rgs;gif;jpg;jpeg;jpe</Extensions>
    </Filter>
  </ItemGroup>
  <ItemGroup>
    <ClCompile Include="CSprotocol.cpp">
      <Filter>Source Files</Filter>
    </ClCompile>
    <ClCompile Include="DSprotocol.cpp">
      <Filter>Source Files</Filter>
    </ClCompile>
    <ClCompile Include="eDataServer.cpp">
      <Filter>Source Files</Filter>
    </ClCompile>
    <ClCompile Include="EDSprotocol.cpp">
      <Filter>Source Files</Filter>
    </ClCompile>
    <ClCompile Include="Eprotocol.cpp">
      <Filter>Source Files</Filter>
    </ClCompile>
    <ClCompile Include="giocp.cpp">
      <Filter>Source Files</Filter>
    </ClCompile>
    <ClCompile Include="GuildManager.cpp">
      <Filter>Source Files</Filter>
    </ClCompile>
    <ClCompile Include="LogProc.cpp">
      <Filter>Source Files</Filter>
    </ClCompile>
    <ClCompile Include="MapServerManager.cpp">
      <Filter>Source Files</Filter>
    </ClCompile>
    <ClCompile Include="MD5.cpp">
      <Filter>Source Files</Filter>
    </ClCompile>
    <ClCompile Include="Query.cpp">
      <Filter>Source Files</Filter>
    </ClCompile>
    <ClCompile Include="RSprotocol.cpp">
      <Filter>Source Files</Filter>
    </ClCompile>
    <ClCompile Include="ServerEngine.cpp">
      <Filter>Source Files</Filter>
    </ClCompile>
    <ClCompile Include="Sprotocol.cpp">
      <Filter>Source Files</Filter>
    </ClCompile>
    <ClCompile Include="StdAfx.cpp">
      <Filter>Source Files</Filter>
    </ClCompile>
    <ClCompile Include="TServerInfoDisplayer.cpp">
      <Filter>Source Files</Filter>
    </ClCompile>
    <ClCompile Include="winutil.cpp">
      <Filter>Source Files</Filter>
    </ClCompile>
    <ClCompile Include="WzUdp.cpp">
      <Filter>Source Files</Filter>
    </ClCompile>
  </ItemGroup>
  <ItemGroup>
    <ResourceCompile Include="eDataServer.rc">
      <Filter>Source Files</Filter>
    </ResourceCompile>
  </ItemGroup>
  <ItemGroup>
    <ClInclude Include="CSprotocol.h">
      <Filter>Header Files</Filter>
    </ClInclude>
    <ClInclude Include="DSprotocol.h">
      <Filter>Header Files</Filter>
    </ClInclude>
    <ClInclude Include="eDataServer.h">
      <Filter>Header Files</Filter>
    </ClInclude>
    <ClInclude Include="EDSprotocol.h">
      <Filter>Header Files</Filter>
    </ClInclude>
    <ClInclude Include="Eprotocol.h">
      <Filter>Header Files</Filter>
    </ClInclude>
    <ClInclude Include="giocp.h">
      <Filter>Header Files</Filter>
    </ClInclude>
    <ClInclude Include="GuildManager.h">
      <Filter>Header Files</Filter>
    </ClInclude>
    <ClInclude Include="logproc.h">
      <Filter>Header Files</Filter>
    </ClInclude>
    <ClInclude Include="MapServerManager.h">
      <Filter>Header Files</Filter>
    </ClInclude>
    <ClInclude Include="MD5.h">
      <Filter>Header Files</Filter>
    </ClInclude>
    <ClInclude Include="MD5_KEYVAL.H">
      <Filter>Header Files</Filter>
    </ClInclude>
    <ClInclude Include="prodef.h">
      <Filter>Header Files</Filter>
    </ClInclude>
    <ClInclude Include="Query.h">
      <Filter>Header Files</Filter>
    </ClInclude>
    <ClInclude Include="ReadScript.h">
      <Filter>Header Files</Filter>
    </ClInclude>
    <ClInclude Include="resource.h">
      <Filter>Header Files</Filter>
    </ClInclude>
    <ClInclude Include="RSprotocol.h">
      <Filter>Header Files</Filter>
    </ClInclude>
    <ClInclude Include="ServerEngine.h">
      <Filter>Header Files</Filter>
    </ClInclude>
    <ClInclude Include="Sprotocol.h">
      <Filter>Header Files</Filter>
    </ClInclude>
    <ClInclude Include="StdAfx.h">
      <Filter>Header Files</Filter>
    </ClInclude>
    <ClInclude Include="TServerInfoDisplayer.h">
      <Filter>Header Files</Filter>
    </ClInclude>
    <ClInclude Include="winutil.h">
      <Filter>Header Files</Filter>
    </ClInclude>
    <ClInclude Include="WzUdp.h">
      <Filter>Header Files</Filter>
    </ClInclude>
  </ItemGroup>
  <ItemGroup>
    <CustomBuild Include="eDataServer.ico">
      <Filter>Resource Files</Filter>
    </CustomBuild>
    <CustomBuild Include="small.ico">
      <Filter>Resource Files</Filter>
    </CustomBuild>
    <CustomBuild Include="ReadMe.txt" />
  </ItemGroup>
</Project>